
Microsoft Visual Studio Solution File, Format Version 12.00
# Visual Studio 14
VisualStudioVersion = 14.0.24720.0
MinimumVisualStudioVersion = 10.0.40219.1
Project("{FAE04EC0-301F-11D3-BF4B-00C04F79EFBC}") = "JCStratJobApp", "JCStratJobApp\JCStratJobApp.csproj", "{95BE7A78-0D8D-4F16-A742-E6F320CEF55A}"
EndProject
Project("{FAE04EC0-301F-11D3-BF4B-00C04F79EFBC}") = "JCStratJobAppTests", "JCStratJobAppTests\JCStratJobAppTests.csproj", "{8DEC313F-5C23-42BF-8EC4-4B8B4BFB2F6F}"
EndProject
Global
	GlobalSection(SolutionConfigurationPlatforms) = preSolution
		Debug|Any CPU = Debug|Any CPU
		Release|Any CPU = Release|Any CPU
	EndGlobalSection
	GlobalSection(ProjectConfigurationPlatforms) = postSolution
		{95BE7A78-0D8D-4F16-A742-E6F320CEF55A}.Debug|Any CPU.ActiveCfg = Debug|Any CPU
		{95BE7A78-0D8D-4F16-A742-E6F320CEF55A}.Debug|Any CPU.Build.0 = Debug|Any CPU
		{95BE7A78-0D8D-4F16-A742-E6F320CEF55A}.Release|Any CPU.ActiveCfg = Release|Any CPU
		{95BE7A78-0D8D-4F16-A742-E6F320CEF55A}.Release|Any CPU.Build.0 = Release|Any CPU
		{8DEC313F-5C23-42BF-8EC4-4B8B4BFB2F6F}.Debug|Any CPU.ActiveCfg = Debug|Any CPU
		{8DEC313F-5C23-42BF-8EC4-4B8B4BFB2F6F}.Debug|Any CPU.Build.0 = Debug|Any CPU
		{8DEC313F-5C23-42BF-8EC4-4B8B4BFB2F6F}.Release|Any CPU.ActiveCfg = Release|Any CPU
		{8DEC313F-5C23-42BF-8EC4-4B8B4BFB2F6F}.Release|Any CPU.Build.0 = Release|Any CPU
	EndGlobalSection
	GlobalSection(SolutionProperties) = preSolution
		HideSolutionNode = FALSE
	EndGlobalSection
EndGlobal
